// !$*UTF8*$!
{
	archiveVersion = 1;
	classes = {
	};
	objectVersion = 48;
	objects = {

/* Begin PBXBuildFile section */
		34A602782199176500FBD751 /* CategoryTableViewController.swift in Sources */ = {isa = PBXBuildFile; fileRef = 34A602772199176500FBD751 /* CategoryTableViewController.swift */; };
		34A6027A2199181400FBD751 /* Contants.swift in Sources */ = {isa = PBXBuildFile; fileRef = 34A602792199181400FBD751 /* Contants.swift */; };
		34DCA98E219922BB005BF7DC /* CommonExtensions.swift in Sources */ = {isa = PBXBuildFile; fileRef = 34DCA98D219922BB005BF7DC /* CommonExtensions.swift */; };
		34DCA99B2199D19B005BF7DC /* Realm.framework in Frameworks */ = {isa = PBXBuildFile; fileRef = 34DCA9992199D19B005BF7DC /* Realm.framework */; };
		34DCA99C2199D19B005BF7DC /* Realm.framework in Embed Frameworks */ = {isa = PBXBuildFile; fileRef = 34DCA9992199D19B005BF7DC /* Realm.framework */; settings = {ATTRIBUTES = (CodeSignOnCopy, RemoveHeadersOnCopy, ); }; };
		34DCA99D2199D19B005BF7DC /* RealmSwift.framework in Frameworks */ = {isa = PBXBuildFile; fileRef = 34DCA99A2199D19B005BF7DC /* RealmSwift.framework */; };
		34DCA99E2199D19B005BF7DC /* RealmSwift.framework in Embed Frameworks */ = {isa = PBXBuildFile; fileRef = 34DCA99A2199D19B005BF7DC /* RealmSwift.framework */; settings = {ATTRIBUTES = (CodeSignOnCopy, RemoveHeadersOnCopy, ); }; };
		34DCA9A12199D5A2005BF7DC /* CategoryDataModel.swift in Sources */ = {isa = PBXBuildFile; fileRef = 34DCA9A02199D5A2005BF7DC /* CategoryDataModel.swift */; };
		34DCA9A32199E218005BF7DC /* ItemsDataModel.swift in Sources */ = {isa = PBXBuildFile; fileRef = 34DCA9A22199E218005BF7DC /* ItemsDataModel.swift */; };
		34FD110C219A55A900C1F03B /* SwipeCellKitTableViewController.swift in Sources */ = {isa = PBXBuildFile; fileRef = 34FD110B219A55A900C1F03B /* SwipeCellKitTableViewController.swift */; };
		560A380EB485C5ABA10E9B34 /* Pods_ToDOWithCoreData.framework in Frameworks */ = {isa = PBXBuildFile; fileRef = A2B4BC5796A5B9BA84EC404D /* Pods_ToDOWithCoreData.framework */; };
		8C4F217A219782B000C9E351 /* AppDelegate.swift in Sources */ = {isa = PBXBuildFile; fileRef = 8C4F2179219782B000C9E351 /* AppDelegate.swift */; };
		8C4F217C219782B000C9E351 /* ToDoListViewController.swift in Sources */ = {isa = PBXBuildFile; fileRef = 8C4F217B219782B000C9E351 /* ToDoListViewController.swift */; };
		8C4F217F219782B000C9E351 /* Main.storyboard in Resources */ = {isa = PBXBuildFile; fileRef = 8C4F217D219782B000C9E351 /* Main.storyboard */; };
		8C4F2181219782B000C9E351 /* Assets.xcassets in Resources */ = {isa = PBXBuildFile; fileRef = 8C4F2180219782B000C9E351 /* Assets.xcassets */; };
		8C4F2184219782B000C9E351 /* LaunchScreen.storyboard in Resources */ = {isa = PBXBuildFile; fileRef = 8C4F2182219782B000C9E351 /* LaunchScreen.storyboard */; };
		8C4F218E2197B09500C9E351 /* ItemDetails.swift in Sources */ = {isa = PBXBuildFile; fileRef = 8C4F218D2197B09500C9E351 /* ItemDetails.swift */; };
		8C84C04D21986D8C002D51A2 /* MyDataModel.xcdatamodeld in Sources */ = {isa = PBXBuildFile; fileRef = 8C84C04B21986D8C002D51A2 /* MyDataModel.xcdatamodeld */; };
/* End PBXBuildFile section */

/* Begin PBXCopyFilesBuildPhase section */
		34DCA99F2199D19B005BF7DC /* Embed Frameworks */ = {
			isa = PBXCopyFilesBuildPhase;
			buildActionMask = 2147483647;
			dstPath = "";
			dstSubfolderSpec = 10;
			files = (
				34DCA99E2199D19B005BF7DC /* RealmSwift.framework in Embed Frameworks */,
				34DCA99C2199D19B005BF7DC /* Realm.framework in Embed Frameworks */,
			);
			name = "Embed Frameworks";
			runOnlyForDeploymentPostprocessing = 0;
		};
/* End PBXCopyFilesBuildPhase section */

/* Begin PBXFileReference section */
		184794115A13018CBFDC9204 /* Pods-ToDOWithCoreData.release.xcconfig */ = {isa = PBXFileReference; includeInIndex = 1; lastKnownFileType = text.xcconfig; name = "Pods-ToDOWithCoreData.release.xcconfig"; path = "Pods/Target Support Files/Pods-ToDOWithCoreData/Pods-ToDOWithCoreData.release.xcconfig"; sourceTree = "<group>"; };
		34A602772199176500FBD751 /* CategoryTableViewController.swift */ = {isa = PBXFileReference; lastKnownFileType = sourcecode.swift; path = CategoryTableViewController.swift; sourceTree = "<group>"; };
		34A602792199181400FBD751 /* Contants.swift */ = {isa = PBXFileReference; lastKnownFileType = sourcecode.swift; path = Contants.swift; sourceTree = "<group>"; };
		34DCA98D219922BB005BF7DC /* CommonExtensions.swift */ = {isa = PBXFileReference; lastKnownFileType = sourcecode.swift; path = CommonExtensions.swift; sourceTree = "<group>"; };
		34DCA9902199D145005BF7DC /* RealmSwift.framework */ = {isa = PBXFileReference; lastKnownFileType = wrapper.framework; name = RealmSwift.framework; path = "../../Downloads/realm-swift-3.11.1/ios/swift-4.2/RealmSwift.framework"; sourceTree = "<group>"; };
		34DCA9912199D145005BF7DC /* Realm.framework */ = {isa = PBXFileReference; lastKnownFileType = wrapper.framework; name = Realm.framework; path = "../../Downloads/realm-swift-3.11.1/ios/swift-4.2/Realm.framework"; sourceTree = "<group>"; };
		34DCA9992199D19B005BF7DC /* Realm.framework */ = {isa = PBXFileReference; lastKnownFileType = wrapper.framework; path = Realm.framework; sourceTree = "<group>"; };
		34DCA99A2199D19B005BF7DC /* RealmSwift.framework */ = {isa = PBXFileReference; lastKnownFileType = wrapper.framework; path = RealmSwift.framework; sourceTree = "<group>"; };
		34DCA9A02199D5A2005BF7DC /* CategoryDataModel.swift */ = {isa = PBXFileReference; lastKnownFileType = sourcecode.swift; path = CategoryDataModel.swift; sourceTree = "<group>"; };
		34DCA9A22199E218005BF7DC /* ItemsDataModel.swift */ = {isa = PBXFileReference; lastKnownFileType = sourcecode.swift; path = ItemsDataModel.swift; sourceTree = "<group>"; };
		34FD110B219A55A900C1F03B /* SwipeCellKitTableViewController.swift */ = {isa = PBXFileReference; lastKnownFileType = sourcecode.swift; path = SwipeCellKitTableViewController.swift; sourceTree = "<group>"; };
		8C4F2176219782B000C9E351 /* ToDOWithCoreData.app */ = {isa = PBXFileReference; explicitFileType = wrapper.application; includeInIndex = 0; path = ToDOWithCoreData.app; sourceTree = BUILT_PRODUCTS_DIR; };
		8C4F2179219782B000C9E351 /* AppDelegate.swift */ = {isa = PBXFileReference; lastKnownFileType = sourcecode.swift; path = AppDelegate.swift; sourceTree = "<group>"; };
		8C4F217B219782B000C9E351 /* ToDoListViewController.swift */ = {isa = PBXFileReference; lastKnownFileType = sourcecode.swift; path = ToDoListViewController.swift; sourceTree = "<group>"; };
		8C4F217E219782B000C9E351 /* Base */ = {isa = PBXFileReference; lastKnownFileType = file.storyboard; name = Base; path = Base.lproj/Main.storyboard; sourceTree = "<group>"; };
		8C4F2180219782B000C9E351 /* Assets.xcassets */ = {isa = PBXFileReference; lastKnownFileType = folder.assetcatalog; path = Assets.xcassets; sourceTree = "<group>"; };
		8C4F2183219782B000C9E351 /* Base */ = {isa = PBXFileReference; lastKnownFileType = file.storyboard; name = Base; path = Base.lproj/LaunchScreen.storyboard; sourceTree = "<group>"; };
		8C4F2185219782B000C9E351 /* Info.plist */ = {isa = PBXFileReference; lastKnownFileType = text.plist.xml; path = Info.plist; sourceTree = "<group>"; };
		8C4F218D2197B09500C9E351 /* ItemDetails.swift */ = {isa = PBXFileReference; lastKnownFileType = sourcecode.swift; path = ItemDetails.swift; sourceTree = "<group>"; };
		8C84C04C21986D8C002D51A2 /* MyDataModel.xcdatamodel */ = {isa = PBXFileReference; lastKnownFileType = wrapper.xcdatamodel; path = MyDataModel.xcdatamodel; sourceTree = "<group>"; };
		9B7F4DFE4C924C82790D7539 /* Pods-ToDOWithCoreData.debug.xcconfig */ = {isa = PBXFileReference; includeInIndex = 1; lastKnownFileType = text.xcconfig; name = "Pods-ToDOWithCoreData.debug.xcconfig"; path = "Pods/Target Support Files/Pods-ToDOWithCoreData/Pods-ToDOWithCoreData.debug.xcconfig"; sourceTree = "<group>"; };
		A2B4BC5796A5B9BA84EC404D /* Pods_ToDOWithCoreData.framework */ = {isa = PBXFileReference; explicitFileType = wrapper.framework; includeInIndex = 0; path = Pods_ToDOWithCoreData.framework; sourceTree = BUILT_PRODUCTS_DIR; };
/* End PBXFileReference section */

/* Begin PBXFrameworksBuildPhase section */
		8C4F2173219782B000C9E351 /* Frameworks */ = {
			isa = PBXFrameworksBuildPhase;
			buildActionMask = 2147483647;
			files = (
				34DCA99D2199D19B005BF7DC /* RealmSwift.framework in Frameworks */,
				34DCA99B2199D19B005BF7DC /* Realm.framework in Frameworks */,
				560A380EB485C5ABA10E9B34 /* Pods_ToDOWithCoreData.framework in Frameworks */,
			);
			runOnlyForDeploymentPostprocessing = 0;
		};
/* End PBXFrameworksBuildPhase section */

/* Begin PBXGroup section */
		34A6027C2199184000FBD751 /* Utils */ = {
			isa = PBXGroup;
			children = (
				34A602792199181400FBD751 /* Contants.swift */,
				34DCA98D219922BB005BF7DC /* CommonExtensions.swift */,
			);
			path = Utils;
			sourceTree = "<group>";
		};
		34DCA98F2199D145005BF7DC /* Frameworks */ = {
			isa = PBXGroup;
			children = (
				34DCA9912199D145005BF7DC /* Realm.framework */,
				34DCA9902199D145005BF7DC /* RealmSwift.framework */,
				A2B4BC5796A5B9BA84EC404D /* Pods_ToDOWithCoreData.framework */,
			);
			name = Frameworks;
			sourceTree = "<group>";
		};
		8C4F216D219782B000C9E351 = {
			isa = PBXGroup;
			children = (
				34DCA9992199D19B005BF7DC /* Realm.framework */,
				34DCA99A2199D19B005BF7DC /* RealmSwift.framework */,
				8C4F2178219782B000C9E351 /* ToDOWithCoreData */,
				8C4F2177219782B000C9E351 /* Products */,
				34DCA98F2199D145005BF7DC /* Frameworks */,
				A9168335BBCF9837EC2D84AE /* Pods */,
			);
			sourceTree = "<group>";
		};
		8C4F2177219782B000C9E351 /* Products */ = {
			isa = PBXGroup;
			children = (
				8C4F2176219782B000C9E351 /* ToDOWithCoreData.app */,
			);
			name = Products;
			sourceTree = "<group>";
		};
		8C4F2178219782B000C9E351 /* ToDOWithCoreData */ = {
			isa = PBXGroup;
			children = (
				8C4F2179219782B000C9E351 /* AppDelegate.swift */,
				34A6027C2199184000FBD751 /* Utils */,
				8C4F218B2197B03300C9E351 /* Controllers */,
				8C4F218F2197B09900C9E351 /* DataModels */,
				8C4F218C2197B04100C9E351 /* View */,
				8C4F2180219782B000C9E351 /* Assets.xcassets */,
				8C4F2182219782B000C9E351 /* LaunchScreen.storyboard */,
				8C4F2185219782B000C9E351 /* Info.plist */,
			);
			path = ToDOWithCoreData;
			sourceTree = "<group>";
		};
		8C4F218B2197B03300C9E351 /* Controllers */ = {
			isa = PBXGroup;
			children = (
				34A602772199176500FBD751 /* CategoryTableViewController.swift */,
				8C4F217B219782B000C9E351 /* ToDoListViewController.swift */,
				34FD110B219A55A900C1F03B /* SwipeCellKitTableViewController.swift */,
			);
			path = Controllers;
			sourceTree = "<group>";
		};
		8C4F218C2197B04100C9E351 /* View */ = {
			isa = PBXGroup;
			children = (
				8C4F217D219782B000C9E351 /* Main.storyboard */,
			);
			path = View;
			sourceTree = "<group>";
		};
		8C4F218F2197B09900C9E351 /* DataModels */ = {
			isa = PBXGroup;
			children = (
				8C4F218D2197B09500C9E351 /* ItemDetails.swift */,
				8C84C04B21986D8C002D51A2 /* MyDataModel.xcdatamodeld */,
				34DCA9A02199D5A2005BF7DC /* CategoryDataModel.swift */,
				34DCA9A22199E218005BF7DC /* ItemsDataModel.swift */,
			);
			path = DataModels;
			sourceTree = "<group>";
		};
		A9168335BBCF9837EC2D84AE /* Pods */ = {
			isa = PBXGroup;
			children = (
				9B7F4DFE4C924C82790D7539 /* Pods-ToDOWithCoreData.debug.xcconfig */,
				184794115A13018CBFDC9204 /* Pods-ToDOWithCoreData.release.xcconfig */,
			);
			name = Pods;
			sourceTree = "<group>";
		};
/* End PBXGroup section */

/* Begin PBXNativeTarget section */
		8C4F2175219782B000C9E351 /* ToDOWithCoreData */ = {
			isa = PBXNativeTarget;
			buildConfigurationList = 8C4F2188219782B000C9E351 /* Build configuration list for PBXNativeTarget "ToDOWithCoreData" */;
			buildPhases = (
				DC7C110B6D1ED271CEEFAFBB /* [CP] Check Pods Manifest.lock */,
				8C4F2172219782B000C9E351 /* Sources */,
				8C4F2173219782B000C9E351 /* Frameworks */,
				8C4F2174219782B000C9E351 /* Resources */,
				34DCA99F2199D19B005BF7DC /* Embed Frameworks */,
				F8A64BBDE89C657826696F14 /* [CP] Embed Pods Frameworks */,
			);
			buildRules = (
			);
			dependencies = (
			);
			name = ToDOWithCoreData;
			productName = ToDOWithCoreData;
			productReference = 8C4F2176219782B000C9E351 /* ToDOWithCoreData.app */;
			productType = "com.apple.product-type.application";
		};
/* End PBXNativeTarget section */

/* Begin PBXProject section */
		8C4F216E219782B000C9E351 /* Project object */ = {
			isa = PBXProject;
			attributes = {
				LastSwiftUpdateCheck = 0920;
				LastUpgradeCheck = 1010;
				ORGANIZATIONNAME = "";
				TargetAttributes = {
					8C4F2175219782B000C9E351 = {
						CreatedOnToolsVersion = 9.2;
						LastSwiftMigration = 1010;
						ProvisioningStyle = Automatic;
					};
				};
			};
			buildConfigurationList = 8C4F2171219782B000C9E351 /* Build configuration list for PBXProject "ToDOWithCoreData" */;
			compatibilityVersion = "Xcode 8.0";
			developmentRegion = en;
			hasScannedForEncodings = 0;
			knownRegions = (
				en,
				Base,
			);
			mainGroup = 8C4F216D219782B000C9E351;
			productRefGroup = 8C4F2177219782B000C9E351 /* Products */;
			projectDirPath = "";
			projectRoot = "";
			targets = (
				8C4F2175219782B000C9E351 /* ToDOWithCoreData */,
			);
		};
/* End PBXProject section */

/* Begin PBXResourcesBuildPhase section */
		8C4F2174219782B000C9E351 /* Resources */ = {
			isa = PBXResourcesBuildPhase;
			buildActionMask = 2147483647;
			files = (
				8C4F2184219782B000C9E351 /* LaunchScreen.storyboard in Resources */,
				8C4F2181219782B000C9E351 /* Assets.xcassets in Resources */,
				8C4F217F219782B000C9E351 /* Main.storyboard in Resources */,
			);
			runOnlyForDeploymentPostprocessing = 0;
		};
/* End PBXResourcesBuildPhase section */

/* Begin PBXShellScriptBuildPhase section */
		DC7C110B6D1ED271CEEFAFBB /* [CP] Check Pods Manifest.lock */ = {
			isa = PBXShellScriptBuildPhase;
			buildActionMask = 2147483647;
			files = (
			);
			inputFileListPaths = (
			);
			inputPaths = (
				"${PODS_PODFILE_DIR_PATH}/Podfile.lock",
				"${PODS_ROOT}/Manifest.lock",
			);
			name = "[CP] Check Pods Manifest.lock";
			outputFileListPaths = (
			);
			outputPaths = (
				"$(DERIVED_FILE_DIR)/Pods-ToDOWithCoreData-checkManifestLockResult.txt",
			);
			runOnlyForDeploymentPostprocessing = 0;
			shellPath = /bin/sh;
			shellScript = "diff \"${PODS_PODFILE_DIR_PATH}/Podfile.lock\" \"${PODS_ROOT}/Manifest.lock\" > /dev/null\nif [ $? != 0 ] ; then\n    # print error to STDERR\n    echo \"error: The sandbox is not in sync with the Podfile.lock. Run 'pod install' or update your CocoaPods installation.\" >&2\n    exit 1\nfi\n# This output is used by Xcode 'outputs' to avoid re-running this script phase.\necho \"SUCCESS\" > \"${SCRIPT_OUTPUT_FILE_0}\"\n";
			showEnvVarsInLog = 0;
		};
		F8A64BBDE89C657826696F14 /* [CP] Embed Pods Frameworks */ = {
			isa = PBXShellScriptBuildPhase;
			buildActionMask = 2147483647;
			files = (
			);
			inputFileListPaths = (
			);
			inputPaths = (
				"${SRCROOT}/Pods/Target Support Files/Pods-ToDOWithCoreData/Pods-ToDOWithCoreData-frameworks.sh",
				"${BUILT_PRODUCTS_DIR}/SwipeCellKit/SwipeCellKit.framework",
			);
			name = "[CP] Embed Pods Frameworks";
			outputFileListPaths = (
			);
			outputPaths = (
				"${TARGET_BUILD_DIR}/${FRAMEWORKS_FOLDER_PATH}/SwipeCellKit.framework",
			);
			runOnlyForDeploymentPostprocessing = 0;
			shellPath = /bin/sh;
			shellScript = "\"${SRCROOT}/Pods/Target Support Files/Pods-ToDOWithCoreData/Pods-ToDOWithCoreData-frameworks.sh\"\n";
			showEnvVarsInLog = 0;
		};
/* End PBXShellScriptBuildPhase section */

/* Begin PBXSourcesBuildPhase section */
		8C4F2172219782B000C9E351 /* Sources */ = {
			isa = PBXSourcesBuildPhase;
			buildActionMask = 2147483647;
			files = (
				8C4F218E2197B09500C9E351 /* ItemDetails.swift in Sources */,
				8C84C04D21986D8C002D51A2 /* MyDataModel.xcdatamodeld in Sources */,
				34A602782199176500FBD751 /* CategoryTableViewController.swift in Sources */,
				34DCA9A12199D5A2005BF7DC /* CategoryDataModel.swift in Sources */,
				8C4F217C219782B000C9E351 /* ToDoListViewController.swift in Sources */,
				8C4F217A219782B000C9E351 /* AppDelegate.swift in Sources */,
				34A6027A2199181400FBD751 /* Contants.swift in Sources */,
				34DCA9A32199E218005BF7DC /* ItemsDataModel.swift in Sources */,
				34DCA98E219922BB005BF7DC /* CommonExtensions.swift in Sources */,
				34FD110C219A55A900C1F03B /* SwipeCellKitTableViewController.swift in Sources */,
			);
			runOnlyForDeploymentPostprocessing = 0;
		};
/* End PBXSourcesBuildPhase section */

/* Begin PBXVariantGroup section */
		8C4F217D219782B000C9E351 /* Main.storyboard */ = {
			isa = PBXVariantGroup;
			children = (
				8C4F217E219782B000C9E351 /* Base */,
			);
			name = Main.storyboard;
			sourceTree = "<group>";
		};
		8C4F2182219782B000C9E351 /* LaunchScreen.storyboard */ = {
			isa = PBXVariantGroup;
			children = (
				8C4F2183219782B000C9E351 /* Base */,
			);
			name = LaunchScreen.storyboard;
			sourceTree = "<group>";
		};
/* End PBXVariantGroup section */

/* Begin XCBuildConfiguration section */
		8C4F2186219782B000C9E351 /* Debug */ = {
			isa = XCBuildConfiguration;
			buildSettings = {
				ALWAYS_SEARCH_USER_PATHS = NO;
				CLANG_ANALYZER_NONNULL = YES;
				CLANG_ANALYZER_NUMBER_OBJECT_CONVERSION = YES_AGGRESSIVE;
				CLANG_CXX_LANGUAGE_STANDARD = "gnu++14";
				CLANG_CXX_LIBRARY = "libc++";
				CLANG_ENABLE_MODULES = YES;
				CLANG_ENABLE_OBJC_ARC = YES;
				CLANG_WARN_BLOCK_CAPTURE_AUTORELEASING = YES;
				CLANG_WARN_BOOL_CONVERSION = YES;
				CLANG_WARN_COMMA = YES;
				CLANG_WARN_CONSTANT_CONVERSION = YES;
				CLANG_WARN_DEPRECATED_OBJC_IMPLEMENTATIONS = YES;
				CLANG_WARN_DIRECT_OBJC_ISA_USAGE = YES_ERROR;
				CLANG_WARN_DOCUMENTATION_COMMENTS = YES;
				CLANG_WARN_EMPTY_BODY = YES;
				CLANG_WARN_ENUM_CONVERSION = YES;
				CLANG_WARN_INFINITE_RECURSION = YES;
				CLANG_WARN_INT_CONVERSION = YES;
				CLANG_WARN_NON_LITERAL_NULL_CONVERSION = YES;
				CLANG_WARN_OBJC_IMPLICIT_RETAIN_SELF = YES;
				CLANG_WARN_OBJC_LITERAL_CONVERSION = YES;
				CLANG_WARN_OBJC_ROOT_CLASS = YES_ERROR;
				CLANG_WARN_RANGE_LOOP_ANALYSIS = YES;
				CLANG_WARN_STRICT_PROTOTYPES = YES;
				CLANG_WARN_SUSPICIOUS_MOVE = YES;
				CLANG_WARN_UNGUARDED_AVAILABILITY = YES_AGGRESSIVE;
				CLANG_WARN_UNREACHABLE_CODE = YES;
				CLANG_WARN__DUPLICATE_METHOD_MATCH = YES;
				CODE_SIGN_IDENTITY = "iPhone Developer";
				COPY_PHASE_STRIP = NO;
				DEBUG_INFORMATION_FORMAT = dwarf;
				ENABLE_STRICT_OBJC_MSGSEND = YES;
				ENABLE_TESTABILITY = YES;
				GCC_C_LANGUAGE_STANDARD = gnu11;
				GCC_DYNAMIC_NO_PIC = NO;
				GCC_NO_COMMON_BLOCKS = YES;
				GCC_OPTIMIZATION_LEVEL = 0;
				GCC_PREPROCESSOR_DEFINITIONS = (
					"DEBUG=1",
					"$(inherited)",
				);
				GCC_WARN_64_TO_32_BIT_CONVERSION = YES;
				GCC_WARN_ABOUT_RETURN_TYPE = YES_ERROR;
				GCC_WARN_UNDECLARED_SELECTOR = YES;
				GCC_WARN_UNINITIALIZED_AUTOS = YES_AGGRESSIVE;
				GCC_WARN_UNUSED_FUNCTION = YES;
				GCC_WARN_UNUSED_VARIABLE = YES;
				IPHONEOS_DEPLOYMENT_TARGET = 11.2;
				MTL_ENABLE_DEBUG_INFO = YES;
				ONLY_ACTIVE_ARCH = YES;
				SDKROOT = iphoneos;
				SWIFT_ACTIVE_COMPILATION_CONDITIONS = DEBUG;
				SWIFT_OPTIMIZATION_LEVEL = "-Onone";
			};
			name = Debug;
		};
		8C4F2187219782B000C9E351 /* Release */ = {
			isa = XCBuildConfiguration;
			buildSettings = {
				ALWAYS_SEARCH_USER_PATHS = NO;
				CLANG_ANALYZER_NONNULL = YES;
				CLANG_ANALYZER_NUMBER_OBJECT_CONVERSION = YES_AGGRESSIVE;
				CLANG_CXX_LANGUAGE_STANDARD = "gnu++14";
				CLANG_CXX_LIBRARY = "libc++";
				CLANG_ENABLE_MODULES = YES;
				CLANG_ENABLE_OBJC_ARC = YES;
				CLANG_WARN_BLOCK_CAPTURE_AUTORELEASING = YES;
				CLANG_WARN_BOOL_CONVERSION = YES;
				CLANG_WARN_COMMA = YES;
				CLANG_WARN_CONSTANT_CONVERSION = YES;
				CLANG_WARN_DEPRECATED_OBJC_IMPLEMENTATIONS = YES;
				CLANG_WARN_DIRECT_OBJC_ISA_USAGE = YES_ERROR;
				CLANG_WARN_DOCUMENTATION_COMMENTS = YES;
				CLANG_WARN_EMPTY_BODY = YES;
				CLANG_WARN_ENUM_CONVERSION = YES;
				CLANG_WARN_INFINITE_RECURSION = YES;
				CLANG_WARN_INT_CONVERSION = YES;
				CLANG_WARN_NON_LITERAL_NULL_CONVERSION = YES;
				CLANG_WARN_OBJC_IMPLICIT_RETAIN_SELF = YES;
				CLANG_WARN_OBJC_LITERAL_CONVERSION = YES;
				CLANG_WARN_OBJC_ROOT_CLASS = YES_ERROR;
				CLANG_WARN_RANGE_LOOP_ANALYSIS = YES;
				CLANG_WARN_STRICT_PROTOTYPES = YES;
				CLANG_WARN_SUSPICIOUS_MOVE = YES;
				CLANG_WARN_UNGUARDED_AVAILABILITY = YES_AGGRESSIVE;
				CLANG_WARN_UNREACHABLE_CODE = YES;
				CLANG_WARN__DUPLICATE_METHOD_MATCH = YES;
				CODE_SIGN_IDENTITY = "iPhone Developer";
				COPY_PHASE_STRIP = NO;
				DEBUG_INFORMATION_FORMAT = "dwarf-with-dsym";
				ENABLE_NS_ASSERTIONS = NO;
				ENABLE_STRICT_OBJC_MSGSEND = YES;
				GCC_C_LANGUAGE_STANDARD = gnu11;
				GCC_NO_COMMON_BLOCKS = YES;
				GCC_WARN_64_TO_32_BIT_CONVERSION = YES;
				GCC_WARN_ABOUT_RETURN_TYPE = YES_ERROR;
				GCC_WARN_UNDECLARED_SELECTOR = YES;
				GCC_WARN_UNINITIALIZED_AUTOS = YES_AGGRESSIVE;
				GCC_WARN_UNUSED_FUNCTION = YES;
				GCC_WARN_UNUSED_VARIABLE = YES;
				IPHONEOS_DEPLOYMENT_TARGET = 11.2;
				MTL_ENABLE_DEBUG_INFO = NO;
				SDKROOT = iphoneos;
				SWIFT_OPTIMIZATION_LEVEL = "-Owholemodule";
				VALIDATE_PRODUCT = YES;
			};
			name = Release;
		};
		8C4F2189219782B000C9E351 /* Debug */ = {
			isa = XCBuildConfiguration;
			baseConfigurationReference = 9B7F4DFE4C924C82790D7539 /* Pods-ToDOWithCoreData.debug.xcconfig */;
			buildSettings = {
				ASSETCATALOG_COMPILER_APPICON_NAME = AppIcon;
				CODE_SIGN_STYLE = Automatic;
				FRAMEWORK_SEARCH_PATHS = (
					"$(inherited)",
					"$(PROJECT_DIR)",
				);
				INFOPLIST_FILE = ToDOWithCoreData/Info.plist;
				LD_RUNPATH_SEARCH_PATHS = "$(inherited) @executable_path/Frameworks";
				PRODUCT_BUNDLE_IDENTIFIER = com.Citi.ToDOWithCoreData;
				PRODUCT_NAME = "$(TARGET_NAME)";
				SWIFT_VERSION = 4.2;
				TARGETED_DEVICE_FAMILY = "1,2";
			};
			name = Debug;
		};
		8C4F218A219782B000C9E351 /* Release */ = {
			isa = XCBuildConfiguration;
			baseConfigurationReference = 184794115A13018CBFDC9204 /* Pods-ToDOWithCoreData.release.xcconfig */;
			buildSettings = {
				ASSETCATALOG_COMPILER_APPICON_NAME = AppIcon;
				CODE_SIGN_STYLE = Automatic;
				FRAMEWORK_SEARCH_PATHS = (
					"$(inherited)",
					"$(PROJECT_DIR)",
				);
				INFOPLIST_FILE = ToDOWithCoreData/Info.plist;
				LD_RUNPATH_SEARCH_PATHS = "$(inherited) @executable_path/Frameworks";
				PRODUCT_BUNDLE_IDENTIFIER = com.Citi.ToDOWithCoreData;
				PRODUCT_NAME = "$(TARGET_NAME)";
				SWIFT_VERSION = 4.2;
				TARGETED_DEVICE_FAMILY = "1,2";
			};
			name = Release;
		};
/* End XCBuildConfiguration section */

/* Begin XCConfigurationList section */
		8C4F2171219782B000C9E351 /* Build configuration list for PBXProject "ToDOWithCoreData" */ = {
			isa = XCConfigurationList;
			buildConfigurations = (
				8C4F2186219782B000C9E351 /* Debug */,
				8C4F2187219782B000C9E351 /* Release */,
			);
			defaultConfigurationIsVisible = 0;
			defaultConfigurationName = Release;
		};
		8C4F2188219782B000C9E351 /* Build configuration list for PBXNativeTarget "ToDOWithCoreData" */ = {
			isa = XCConfigurationList;
			buildConfigurations = (
				8C4F2189219782B000C9E351 /* Debug */,
				8C4F218A219782B000C9E351 /* Release */,
			);
			defaultConfigurationIsVisible = 0;
			defaultConfigurationName = Release;
		};
/* End XCConfigurationList section */

/* Begin XCVersionGroup section */
		8C84C04B21986D8C002D51A2 /* MyDataModel.xcdatamodeld */ = {
			isa = XCVersionGroup;
			children = (
				8C84C04C21986D8C002D51A2 /* MyDataModel.xcdatamodel */,
			);
			currentVersion = 8C84C04C21986D8C002D51A2 /* MyDataModel.xcdatamodel */;
			path = MyDataModel.xcdatamodeld;
			sourceTree = "<group>";
			versionGroupType = wrapper.xcdatamodel;
		};
/* End XCVersionGroup section */
	};
	rootObject = 8C4F216E219782B000C9E351 /* Project object */;
}
